// !$*UTF8*$!
{
	archiveVersion = 1;
	classes = {
	};
	objectVersion = 48;
	objects = {

/* Begin PBXBuildFile section */
		F4296D5A2017303600C84E48 /* AppDelegate.swift in Sources */ = {isa = PBXBuildFile; fileRef = F4296D592017303600C84E48 /* AppDelegate.swift */; };
		F4296D5C2017303600C84E48 /* ViewController.swift in Sources */ = {isa = PBXBuildFile; fileRef = F4296D5B2017303600C84E48 /* ViewController.swift */; };
		F4296D5F2017303600C84E48 /* Main.storyboard in Resources */ = {isa = PBXBuildFile; fileRef = F4296D5D2017303600C84E48 /* Main.storyboard */; };
		F4296D612017303600C84E48 /* Assets.xcassets in Resources */ = {isa = PBXBuildFile; fileRef = F4296D602017303600C84E48 /* Assets.xcassets */; };
		F4296D642017303600C84E48 /* LaunchScreen.storyboard in Resources */ = {isa = PBXBuildFile; fileRef = F4296D622017303600C84E48 /* LaunchScreen.storyboard */; };
		F4296D6C2017305600C84E48 /* RiceSoupClassifier.mlmodel in Sources */ = {isa = PBXBuildFile; fileRef = F4296D6B2017305600C84E48 /* RiceSoupClassifier.mlmodel */; };
		F4296D6E201733C800C84E48 /* UIImage+Buffer.swift in Sources */ = {isa = PBXBuildFile; fileRef = F4296D6D201733C800C84E48 /* UIImage+Buffer.swift */; };
/* End PBXBuildFile section */

/* Begin PBXFileReference section */
		F4296D562017303600C84E48 /* CoreMLImage.app */ = {isa = PBXFileReference; explicitFileType = wrapper.application; includeInIndex = 0; path = CoreMLImage.app; sourceTree = BUILT_PRODUCTS_DIR; };
		F4296D592017303600C84E48 /* AppDelegate.swift */ = {isa = PBXFileReference; lastKnownFileType = sourcecode.swift; path = AppDelegate.swift; sourceTree = "<group>"; };
		F4296D5B2017303600C84E48 /* ViewController.swift */ = {isa = PBXFileReference; lastKnownFileType = sourcecode.swift; path = ViewController.swift; sourceTree = "<group>"; };
		F4296D5E2017303600C84E48 /* Base */ = {isa = PBXFileReference; lastKnownFileType = file.storyboard; name = Base; path = Base.lproj/Main.storyboard; sourceTree = "<group>"; };
		F4296D602017303600C84E48 /* Assets.xcassets */ = {isa = PBXFileReference; lastKnownFileType = folder.assetcatalog; path = Assets.xcassets; sourceTree = "<group>"; };
		F4296D632017303600C84E48 /* Base */ = {isa = PBXFileReference; lastKnownFileType = file.storyboard; name = Base; path = Base.lproj/LaunchScreen.storyboard; sourceTree = "<group>"; };
		F4296D652017303600C84E48 /* Info.plist */ = {isa = PBXFileReference; lastKnownFileType = text.plist.xml; path = Info.plist; sourceTree = "<group>"; };
		F4296D6B2017305600C84E48 /* RiceSoupClassifier.mlmodel */ = {isa = PBXFileReference; lastKnownFileType = file.mlmodel; path = RiceSoupClassifier.mlmodel; sourceTree = "<group>"; };
		F4296D6D201733C800C84E48 /* UIImage+Buffer.swift */ = {isa = PBXFileReference; lastKnownFileType = sourcecode.swift; path = "UIImage+Buffer.swift"; sourceTree = "<group>"; };
/* End PBXFileReference section */

/* Begin PBXFrameworksBuildPhase section */
		F4296D532017303600C84E48 /* Frameworks */ = {
			isa = PBXFrameworksBuildPhase;
			buildActionMask = 2147483647;
			files = (
			);
			runOnlyForDeploymentPostprocessing = 0;
		};
/* End PBXFrameworksBuildPhase section */

/* Begin PBXGroup section */
		F4296D4D2017303600C84E48 = {
			isa = PBXGroup;
			children = (
				F4296D582017303600C84E48 /* CoreMLImage */,
				F4296D572017303600C84E48 /* Products */,
			);
			sourceTree = "<group>";
		};
		F4296D572017303600C84E48 /* Products */ = {
			isa = PBXGroup;
			children = (
				F4296D562017303600C84E48 /* CoreMLImage.app */,
			);
			name = Products;
			sourceTree = "<group>";
		};
		F4296D582017303600C84E48 /* CoreMLImage */ = {
			isa = PBXGroup;
			children = (
				F4296D592017303600C84E48 /* AppDelegate.swift */,
				F4296D5B2017303600C84E48 /* ViewController.swift */,
				F4296D5D2017303600C84E48 /* Main.storyboard */,
				F4296D602017303600C84E48 /* Assets.xcassets */,
				F4296D622017303600C84E48 /* LaunchScreen.storyboard */,
				F4296D652017303600C84E48 /* Info.plist */,
				F4296D6B2017305600C84E48 /* RiceSoupClassifier.mlmodel */,
				F4296D6D201733C800C84E48 /* UIImage+Buffer.swift */,
			);
			path = CoreMLImage;
			sourceTree = "<group>";
		};
/* End PBXGroup section */

/* Begin PBXNativeTarget section */
		F4296D552017303600C84E48 /* CoreMLImage */ = {
			isa = PBXNativeTarget;
			buildConfigurationList = F4296D682017303600C84E48 /* Build configuration list for PBXNativeTarget "CoreMLImage" */;
			buildPhases = (
				F4296D522017303600C84E48 /* Sources */,
				F4296D532017303600C84E48 /* Frameworks */,
				F4296D542017303600C84E48 /* Resources */,
			);
			buildRules = (
			);
			dependencies = (
			);
			name = CoreMLImage;
			productName = CoreMLImage;
			productReference = F4296D562017303600C84E48 /* CoreMLImage.app */;
			productType = "com.apple.product-type.application";
		};
/* End PBXNativeTarget section */

/* Begin PBXProject section */
		F4296D4E2017303600C84E48 /* Project object */ = {
			isa = PBXProject;
			attributes = {
				LastSwiftUpdateCheck = 0920;
				LastUpgradeCheck = 0920;
				ORGANIZATIONNAME = AppCoda;
				TargetAttributes = {
					F4296D552017303600C84E48 = {
						CreatedOnToolsVersion = 9.2;
						ProvisioningStyle = Automatic;
					};
				};
			};
			buildConfigurationList = F4296D512017303600C84E48 /* Build configuration list for PBXProject "CoreMLImage" */;
			compatibilityVersion = "Xcode 8.0";
			developmentRegion = en;
			hasScannedForEncodings = 0;
			knownRegions = (
				en,
				Base,
			);
			mainGroup = F4296D4D2017303600C84E48;
			productRefGroup = F4296D572017303600C84E48 /* Products */;
			projectDirPath = "";
			projectRoot = "";
			targets = (
				F4296D552017303600C84E48 /* CoreMLImage */,
			);
		};
/* End PBXProject section */

/* Begin PBXResourcesBuildPhase section */
		F4296D542017303600C84E48 /* Resources */ = {
			isa = PBXResourcesBuildPhase;
			buildActionMask = 2147483647;
			files = (
				F4296D642017303600C84E48 /* LaunchScreen.storyboard in Resources */,
				F4296D612017303600C84E48 /* Assets.xcassets in Resources */,
				F4296D5F2017303600C84E48 /* Main.storyboard in Resources */,
			);
			runOnlyForDeploymentPostprocessing = 0;
		};
/* End PBXResourcesBuildPhase section */

/* Begin PBXSourcesBuildPhase section */
		F4296D522017303600C84E48 /* Sources */ = {
			isa = PBXSourcesBuildPhase;
			buildActionMask = 2147483647;
			files = (
				F4296D5C2017303600C84E48 /* ViewController.swift in Sources */,
				F4296D6E201733C800C84E48 /* UIImage+Buffer.swift in Sources */,
				F4296D6C2017305600C84E48 /* RiceSoupClassifier.mlmodel in Sources */,
				F4296D5A2017303600C84E48 /* AppDelegate.swift in Sources */,
			);
			runOnlyForDeploymentPostprocessing = 0;
		};
/* End PBXSourcesBuildPhase section */

/* Begin PBXVariantGroup section */
		F4296D5D2017303600C84E48 /* Main.storyboard */ = {
			isa = PBXVariantGroup;
			children = (
				F4296D5E2017303600C84E48 /* Base */,
			);
			name = Main.storyboard;
			sourceTree = "<group>";
		};
		F4296D622017303600C84E48 /* LaunchScreen.storyboard */ = {
			isa = PBXVariantGroup;
			children = (
				F4296D632017303600C84E48 /* Base */,
			);
			name = LaunchScreen.storyboard;
			sourceTree = "<group>";
		};
/* End PBXVariantGroup section */

/* Begin XCBuildConfiguration section */
		F4296D662017303600C84E48 /* Debug */ = {
			isa = XCBuildConfiguration;
			buildSettings = {
				ALWAYS_SEARCH_USER_PATHS = NO;
				CLANG_ANALYZER_NONNULL = YES;
				CLANG_ANALYZER_NUMBER_OBJECT_CONVERSION = YES_AGGRESSIVE;
				CLANG_CXX_LANGUAGE_STANDARD = "gnu++14";
				CLANG_CXX_LIBRARY = "libc++";
				CLANG_ENABLE_MODULES = YES;
				CLANG_ENABLE_OBJC_ARC = YES;
				CLANG_WARN_BLOCK_CAPTURE_AUTORELEASING = YES;
				CLANG_WARN_BOOL_CONVERSION = YES;
				CLANG_WARN_COMMA = YES;
				CLANG_WARN_CONSTANT_CONVERSION = YES;
				CLANG_WARN_DIRECT_OBJC_ISA_USAGE = YES_ERROR;
				CLANG_WARN_DOCUMENTATION_COMMENTS = YES;
				CLANG_WARN_EMPTY_BODY = YES;
				CLANG_WARN_ENUM_CONVERSION = YES;
				CLANG_WARN_INFINITE_RECURSION = YES;
				CLANG_WARN_INT_CONVERSION = YES;
				CLANG_WARN_NON_LITERAL_NULL_CONVERSION = YES;
				CLANG_WARN_OBJC_LITERAL_CONVERSION = YES;
				CLANG_WARN_OBJC_ROOT_CLASS = YES_ERROR;
				CLANG_WARN_RANGE_LOOP_ANALYSIS = YES;
				CLANG_WARN_STRICT_PROTOTYPES = YES;
				CLANG_WARN_SUSPICIOUS_MOVE = YES;
				CLANG_WARN_UNGUARDED_AVAILABILITY = YES_AGGRESSIVE;
				CLANG_WARN_UNREACHABLE_CODE = YES;
				CLANG_WARN__DUPLICATE_METHOD_MATCH = YES;
				CODE_SIGN_IDENTITY = "iPhone Developer";
				COPY_PHASE_STRIP = NO;
				DEBUG_INFORMATION_FORMAT = dwarf;
				ENABLE_STRICT_OBJC_MSGSEND = YES;
				ENABLE_TESTABILITY = YES;
				GCC_C_LANGUAGE_STANDARD = gnu11;
				GCC_DYNAMIC_NO_PIC = NO;
				GCC_NO_COMMON_BLOCKS = YES;
				GCC_OPTIMIZATION_LEVEL = 0;
				GCC_PREPROCESSOR_DEFINITIONS = (
					"DEBUG=1",
					"$(inherited)",
				);
				GCC_WARN_64_TO_32_BIT_CONVERSION = YES;
				GCC_WARN_ABOUT_RETURN_TYPE = YES_ERROR;
				GCC_WARN_UNDECLARED_SELECTOR = YES;
				GCC_WARN_UNINITIALIZED_AUTOS = YES_AGGRESSIVE;
				GCC_WARN_UNUSED_FUNCTION = YES;
				GCC_WARN_UNUSED_VARIABLE = YES;
				IPHONEOS_DEPLOYMENT_TARGET = 11.0;
				MTL_ENABLE_DEBUG_INFO = YES;
				ONLY_ACTIVE_ARCH = YES;
				SDKROOT = iphoneos;
				SWIFT_ACTIVE_COMPILATION_CONDITIONS = DEBUG;
				SWIFT_OPTIMIZATION_LEVEL = "-Onone";
			};
			name = Debug;
		};
		F4296D672017303600C84E48 /* Release */ = {
			isa = XCBuildConfiguration;
			buildSettings = {
				ALWAYS_SEARCH_USER_PATHS = NO;
				CLANG_ANALYZER_NONNULL = YES;
				CLANG_ANALYZER_NUMBER_OBJECT_CONVERSION = YES_AGGRESSIVE;
				CLANG_CXX_LANGUAGE_STANDARD = "gnu++14";
				CLANG_CXX_LIBRARY = "libc++";
				CLANG_ENABLE_MODULES = YES;
				CLANG_ENABLE_OBJC_ARC = YES;
				CLANG_WARN_BLOCK_CAPTURE_AUTORELEASING = YES;
				CLANG_WARN_BOOL_CONVERSION = YES;
				CLANG_WARN_COMMA = YES;
				CLANG_WARN_CONSTANT_CONVERSION = YES;
				CLANG_WARN_DIRECT_OBJC_ISA_USAGE = YES_ERROR;
				CLANG_WARN_DOCUMENTATION_COMMENTS = YES;
				CLANG_WARN_EMPTY_BODY = YES;
				CLANG_WARN_ENUM_CONVERSION = YES;
				CLANG_WARN_INFINITE_RECURSION = YES;
				CLANG_WARN_INT_CONVERSION = YES;
				CLANG_WARN_NON_LITERAL_NULL_CONVERSION = YES;
				CLANG_WARN_OBJC_LITERAL_CONVERSION = YES;
				CLANG_WARN_OBJC_ROOT_CLASS = YES_ERROR;
				CLANG_WARN_RANGE_LOOP_ANALYSIS = YES;
				CLANG_WARN_STRICT_PROTOTYPES = YES;
				CLANG_WARN_SUSPICIOUS_MOVE = YES;
				CLANG_WARN_UNGUARDED_AVAILABILITY = YES_AGGRESSIVE;
				CLANG_WARN_UNREACHABLE_CODE = YES;
				CLANG_WARN__DUPLICATE_METHOD_MATCH = YES;
				CODE_SIGN_IDENTITY = "iPhone Developer";
				COPY_PHASE_STRIP = NO;
				DEBUG_INFORMATION_FORMAT = "dwarf-with-dsym";
				ENABLE_NS_ASSERTIONS = NO;
				ENABLE_STRICT_OBJC_MSGSEND = YES;
				GCC_C_LANGUAGE_STANDARD = gnu11;
				GCC_NO_COMMON_BLOCKS = YES;
				GCC_WARN_64_TO_32_BIT_CONVERSION = YES;
				GCC_WARN_ABOUT_RETURN_TYPE = YES_ERROR;
				GCC_WARN_UNDECLARED_SELECTOR = YES;
				GCC_WARN_UNINITIALIZED_AUTOS = YES_AGGRESSIVE;
				GCC_WARN_UNUSED_FUNCTION = YES;
				GCC_WARN_UNUSED_VARIABLE = YES;
				IPHONEOS_DEPLOYMENT_TARGET = 11.0;
				MTL_ENABLE_DEBUG_INFO = NO;
				SDKROOT = iphoneos;
				SWIFT_OPTIMIZATION_LEVEL = "-Owholemodule";
				VALIDATE_PRODUCT = YES;
			};
			name = Release;
		};
		F4296D692017303600C84E48 /* Debug */ = {
			isa = XCBuildConfiguration;
			buildSettings = {
				ASSETCATALOG_COMPILER_APPICON_NAME = AppIcon;
				CODE_SIGN_STYLE = Automatic;
				INFOPLIST_FILE = CoreMLImage/Info.plist;
				LD_RUNPATH_SEARCH_PATHS = "$(inherited) @executable_path/Frameworks";
				PRODUCT_BUNDLE_IDENTIFIER = com.appcoda.CoreMLImage;
				PRODUCT_NAME = "$(TARGET_NAME)";
				SWIFT_VERSION = 4.0;
				TARGETED_DEVICE_FAMILY = "1,2";
			};
			name = Debug;
		};
		F4296D6A2017303600C84E48 /* Release */ = {
			isa = XCBuildConfiguration;
			buildSettings = {
				ASSETCATALOG_COMPILER_APPICON_NAME = AppIcon;
				CODE_SIGN_STYLE = Automatic;
				INFOPLIST_FILE = CoreMLImage/Info.plist;
				LD_RUNPATH_SEARCH_PATHS = "$(inherited) @executable_path/Frameworks";
				PRODUCT_BUNDLE_IDENTIFIER = com.appcoda.CoreMLImage;
				PRODUCT_NAME = "$(TARGET_NAME)";
				SWIFT_VERSION = 4.0;
				TARGETED_DEVICE_FAMILY = "1,2";
			};
			name = Release;
		};
/* End XCBuildConfiguration section */

/* Begin XCConfigurationList section */
		F4296D512017303600C84E48 /* Build configuration list for PBXProject "CoreMLImage" */ = {
			isa = XCConfigurationList;
			buildConfigurations = (
				F4296D662017303600C84E48 /* Debug */,
				F4296D672017303600C84E48 /* Release */,
			);
			defaultConfigurationIsVisible = 0;
			defaultConfigurationName = Release;
		};
		F4296D682017303600C84E48 /* Build configuration list for PBXNativeTarget "CoreMLImage" */ = {
			isa = XCConfigurationList;
			buildConfigurations = (
				F4296D692017303600C84E48 /* Debug */,
				F4296D6A2017303600C84E48 /* Release */,
			);
			defaultConfigurationIsVisible = 0;
			defaultConfigurationName = Release;
		};
/* End XCConfigurationList section */
	};
	rootObject = F4296D4E2017303600C84E48 /* Project object */;
}
